# THIS IS AN AUTOGENERATED FILE. DO NOT EDIT THIS FILE DIRECTLY.
# yarn lockfile v1


kitsu-core@^9.0.5:
  version "9.0.5"
  resolved "https://registry.yarnpkg.com/kitsu-core/-/kitsu-core-9.0.5.tgz#fa0b67e7aafe1a5409a9140871250f3a2244e92f"
  integrity sha512-6z0w52ThbZEBp1Kd0ScNeo7c/cLVsuOdQ1a/1A/K5izQGcAjTANG/BmJUsMTPBRfQPx4oKxG6ZiqIR5f7rfTFw==
